// !$*UTF8*$!
{
	archiveVersion = 1;
	classes = {
	};
	objectVersion = 51;
	objects = {

/* Begin PBXBuildFile section */
		11E63C74D4B0A649782AC512 /* Pods_SwiftUIProjectTests.framework in Frameworks */ = {isa = PBXBuildFile; fileRef = F6BD24B7912020DA02E3D3C5 /* Pods_SwiftUIProjectTests.framework */; };
		233D1CCC2417FC9800146E0B /* Calculator.storyboard in Resources */ = {isa = PBXBuildFile; fileRef = 233D1CCB2417FC9800146E0B /* Calculator.storyboard */; };
		2343B19F24169A96002EACCE /* AppDelegate.swift in Sources */ = {isa = PBXBuildFile; fileRef = 2343B19E24169A96002EACCE /* AppDelegate.swift */; };
		2343B1A124169A96002EACCE /* SceneDelegate.swift in Sources */ = {isa = PBXBuildFile; fileRef = 2343B1A024169A96002EACCE /* SceneDelegate.swift */; };
		2343B1A324169A96002EACCE /* ViewController.swift in Sources */ = {isa = PBXBuildFile; fileRef = 2343B1A224169A96002EACCE /* ViewController.swift */; };
		2343B1A824169A9B002EACCE /* Assets.xcassets in Resources */ = {isa = PBXBuildFile; fileRef = 2343B1A724169A9B002EACCE /* Assets.xcassets */; };
		2343B1B624169A9B002EACCE /* SwiftUIProjectTests.swift in Sources */ = {isa = PBXBuildFile; fileRef = 2343B1B524169A9B002EACCE /* SwiftUIProjectTests.swift */; };
		2343B1C124169A9B002EACCE /* SwiftUIProjectUITests.swift in Sources */ = {isa = PBXBuildFile; fileRef = 2343B1C024169A9B002EACCE /* SwiftUIProjectUITests.swift */; };
		23523E03241BDC58003DDD4A /* Rectangle2.storyboard in Resources */ = {isa = PBXBuildFile; fileRef = 23523E02241BDC58003DDD4A /* Rectangle2.storyboard */; };
		23A58321241A90DD00139409 /* Pythag2.storyboard in Resources */ = {isa = PBXBuildFile; fileRef = 23A58320241A90DD00139409 /* Pythag2.storyboard */; };
		23A58325241A93A200139409 /* Cards.storyboard in Resources */ = {isa = PBXBuildFile; fileRef = 23A58324241A93A200139409 /* Cards.storyboard */; };
		23A5832A241A959B00139409 /* PythController.swift in Sources */ = {isa = PBXBuildFile; fileRef = 23A58329241A959B00139409 /* PythController.swift */; };
		23A5832C241A978900139409 /* RectController.swift in Sources */ = {isa = PBXBuildFile; fileRef = 23A5832B241A978900139409 /* RectController.swift */; };
		23F678C624193E0100D3ED35 /* LaunchScreen.storyboard in Resources */ = {isa = PBXBuildFile; fileRef = 233D1CC92417FC3600146E0B /* LaunchScreen.storyboard */; };
		23F678C724193E0400D3ED35 /* LaunchScreen.storyboard in Resources */ = {isa = PBXBuildFile; fileRef = 233D1CC92417FC3600146E0B /* LaunchScreen.storyboard */; };
		23F678C824193E0400D3ED35 /* LaunchScreen.storyboard in Resources */ = {isa = PBXBuildFile; fileRef = 233D1CC92417FC3600146E0B /* LaunchScreen.storyboard */; };
		23F678C924193E2500D3ED35 /* Main.storyboard in Resources */ = {isa = PBXBuildFile; fileRef = 233D1CC82417FC0600146E0B /* Main.storyboard */; };
		23F678CA24193E2500D3ED35 /* Main.storyboard in Resources */ = {isa = PBXBuildFile; fileRef = 233D1CC82417FC0600146E0B /* Main.storyboard */; };
		23F678CB24193E2600D3ED35 /* Main.storyboard in Resources */ = {isa = PBXBuildFile; fileRef = 233D1CC82417FC0600146E0B /* Main.storyboard */; };
		5BBA29519AA10D368B50C532 /* Pods_SwiftUIProject_SwiftUIProjectUITests.framework in Frameworks */ = {isa = PBXBuildFile; fileRef = FA77781DA5ED655DEABABAB4 /* Pods_SwiftUIProject_SwiftUIProjectUITests.framework */; };
		64558ABC640F9F08329839DF /* Pods_SwiftUIProject.framework in Frameworks */ = {isa = PBXBuildFile; fileRef = 843C80D576D53EC14E16FAC7 /* Pods_SwiftUIProject.framework */; };
/* End PBXBuildFile section */

/* Begin PBXContainerItemProxy section */
		2343B1B224169A9B002EACCE /* PBXContainerItemProxy */ = {
			isa = PBXContainerItemProxy;
			containerPortal = 2343B19324169A96002EACCE /* Project object */;
			proxyType = 1;
			remoteGlobalIDString = 2343B19A24169A96002EACCE;
			remoteInfo = SwiftUIProject;
		};
		2343B1BD24169A9B002EACCE /* PBXContainerItemProxy */ = {
			isa = PBXContainerItemProxy;
			containerPortal = 2343B19324169A96002EACCE /* Project object */;
			proxyType = 1;
			remoteGlobalIDString = 2343B19A24169A96002EACCE;
			remoteInfo = SwiftUIProject;
		};
/* End PBXContainerItemProxy section */

/* Begin PBXFileReference section */
		170C2409D2B90BF2298FAE1B /* Pods-SwiftUIProject.debug.xcconfig */ = {isa = PBXFileReference; includeInIndex = 1; lastKnownFileType = text.xcconfig; name = "Pods-SwiftUIProject.debug.xcconfig"; path = "Target Support Files/Pods-SwiftUIProject/Pods-SwiftUIProject.debug.xcconfig"; sourceTree = "<group>"; };
		19B4EC3B85E2DECAD9D4F40F /* Pods-SwiftUIProject-SwiftUIProjectUITests.release.xcconfig */ = {isa = PBXFileReference; includeInIndex = 1; lastKnownFileType = text.xcconfig; name = "Pods-SwiftUIProject-SwiftUIProjectUITests.release.xcconfig"; path = "Target Support Files/Pods-SwiftUIProject-SwiftUIProjectUITests/Pods-SwiftUIProject-SwiftUIProjectUITests.release.xcconfig"; sourceTree = "<group>"; };
		233D1CC82417FC0600146E0B /* Main.storyboard */ = {isa = PBXFileReference; lastKnownFileType = file.storyboard; path = Main.storyboard; sourceTree = "<group>"; };
		233D1CC92417FC3600146E0B /* LaunchScreen.storyboard */ = {isa = PBXFileReference; lastKnownFileType = file.storyboard; path = LaunchScreen.storyboard; sourceTree = "<group>"; };
		233D1CCB2417FC9800146E0B /* Calculator.storyboard */ = {isa = PBXFileReference; fileEncoding = 4; lastKnownFileType = file.storyboard; path = Calculator.storyboard; sourceTree = "<group>"; };
		2343B19B24169A96002EACCE /* SwiftUIProject.app */ = {isa = PBXFileReference; explicitFileType = wrapper.application; includeInIndex = 0; path = SwiftUIProject.app; sourceTree = BUILT_PRODUCTS_DIR; };
		2343B19E24169A96002EACCE /* AppDelegate.swift */ = {isa = PBXFileReference; lastKnownFileType = sourcecode.swift; path = AppDelegate.swift; sourceTree = "<group>"; };
		2343B1A024169A96002EACCE /* SceneDelegate.swift */ = {isa = PBXFileReference; lastKnownFileType = sourcecode.swift; path = SceneDelegate.swift; sourceTree = "<group>"; };
		2343B1A224169A96002EACCE /* ViewController.swift */ = {isa = PBXFileReference; lastKnownFileType = sourcecode.swift; path = ViewController.swift; sourceTree = "<group>"; };
		2343B1A724169A9B002EACCE /* Assets.xcassets */ = {isa = PBXFileReference; lastKnownFileType = folder.assetcatalog; path = Assets.xcassets; sourceTree = "<group>"; };
		2343B1AC24169A9B002EACCE /* Info.plist */ = {isa = PBXFileReference; lastKnownFileType = text.plist.xml; path = Info.plist; sourceTree = "<group>"; };
		2343B1B124169A9B002EACCE /* SwiftUIProjectTests.xctest */ = {isa = PBXFileReference; explicitFileType = wrapper.cfbundle; includeInIndex = 0; path = SwiftUIProjectTests.xctest; sourceTree = BUILT_PRODUCTS_DIR; };
		2343B1B524169A9B002EACCE /* SwiftUIProjectTests.swift */ = {isa = PBXFileReference; lastKnownFileType = sourcecode.swift; path = SwiftUIProjectTests.swift; sourceTree = "<group>"; };
		2343B1B724169A9B002EACCE /* Info.plist */ = {isa = PBXFileReference; lastKnownFileType = text.plist.xml; path = Info.plist; sourceTree = "<group>"; };
		2343B1BC24169A9B002EACCE /* SwiftUIProjectUITests.xctest */ = {isa = PBXFileReference; explicitFileType = wrapper.cfbundle; includeInIndex = 0; path = SwiftUIProjectUITests.xctest; sourceTree = BUILT_PRODUCTS_DIR; };
		2343B1C024169A9B002EACCE /* SwiftUIProjectUITests.swift */ = {isa = PBXFileReference; lastKnownFileType = sourcecode.swift; path = SwiftUIProjectUITests.swift; sourceTree = "<group>"; };
		2343B1C224169A9B002EACCE /* Info.plist */ = {isa = PBXFileReference; lastKnownFileType = text.plist.xml; path = Info.plist; sourceTree = "<group>"; };
		23523E02241BDC58003DDD4A /* Rectangle2.storyboard */ = {isa = PBXFileReference; lastKnownFileType = file.storyboard; path = Rectangle2.storyboard; sourceTree = "<group>"; };
		23A58320241A90DD00139409 /* Pythag2.storyboard */ = {isa = PBXFileReference; lastKnownFileType = file.storyboard; path = Pythag2.storyboard; sourceTree = "<group>"; };
		23A58324241A93A200139409 /* Cards.storyboard */ = {isa = PBXFileReference; lastKnownFileType = file.storyboard; path = Cards.storyboard; sourceTree = "<group>"; };
		23A58329241A959B00139409 /* PythController.swift */ = {isa = PBXFileReference; lastKnownFileType = sourcecode.swift; path = PythController.swift; sourceTree = "<group>"; };
		23A5832B241A978900139409 /* RectController.swift */ = {isa = PBXFileReference; lastKnownFileType = sourcecode.swift; path = RectController.swift; sourceTree = "<group>"; };
		42478A5C90FCE1F3AAD74C0F /* Pods-SwiftUIProject.release.xcconfig */ = {isa = PBXFileReference; includeInIndex = 1; lastKnownFileType = text.xcconfig; name = "Pods-SwiftUIProject.release.xcconfig"; path = "Target Support Files/Pods-SwiftUIProject/Pods-SwiftUIProject.release.xcconfig"; sourceTree = "<group>"; };
		6B012B3D9A564120F61CA095 /* Pods-SwiftUIProjectTests.release.xcconfig */ = {isa = PBXFileReference; includeInIndex = 1; lastKnownFileType = text.xcconfig; name = "Pods-SwiftUIProjectTests.release.xcconfig"; path = "Target Support Files/Pods-SwiftUIProjectTests/Pods-SwiftUIProjectTests.release.xcconfig"; sourceTree = "<group>"; };
		843C80D576D53EC14E16FAC7 /* Pods_SwiftUIProject.framework */ = {isa = PBXFileReference; explicitFileType = wrapper.framework; includeInIndex = 0; path = Pods_SwiftUIProject.framework; sourceTree = BUILT_PRODUCTS_DIR; };
		BBABAFCE7B4264989A323BFA /* Pods-SwiftUIProjectTests.debug.xcconfig */ = {isa = PBXFileReference; includeInIndex = 1; lastKnownFileType = text.xcconfig; name = "Pods-SwiftUIProjectTests.debug.xcconfig"; path = "Target Support Files/Pods-SwiftUIProjectTests/Pods-SwiftUIProjectTests.debug.xcconfig"; sourceTree = "<group>"; };
		CF927D7812C3FF23D2DC34D9 /* Pods-SwiftUIProject-SwiftUIProjectUITests.debug.xcconfig */ = {isa = PBXFileReference; includeInIndex = 1; lastKnownFileType = text.xcconfig; name = "Pods-SwiftUIProject-SwiftUIProjectUITests.debug.xcconfig"; path = "Target Support Files/Pods-SwiftUIProject-SwiftUIProjectUITests/Pods-SwiftUIProject-SwiftUIProjectUITests.debug.xcconfig"; sourceTree = "<group>"; };
		F6BD24B7912020DA02E3D3C5 /* Pods_SwiftUIProjectTests.framework */ = {isa = PBXFileReference; explicitFileType = wrapper.framework; includeInIndex = 0; path = Pods_SwiftUIProjectTests.framework; sourceTree = BUILT_PRODUCTS_DIR; };
		FA77781DA5ED655DEABABAB4 /* Pods_SwiftUIProject_SwiftUIProjectUITests.framework */ = {isa = PBXFileReference; explicitFileType = wrapper.framework; includeInIndex = 0; path = Pods_SwiftUIProject_SwiftUIProjectUITests.framework; sourceTree = BUILT_PRODUCTS_DIR; };
/* End PBXFileReference section */

/* Begin PBXFrameworksBuildPhase section */
		2343B19824169A96002EACCE /* Frameworks */ = {
			isa = PBXFrameworksBuildPhase;
			buildActionMask = 2147483647;
			files = (
				64558ABC640F9F08329839DF /* Pods_SwiftUIProject.framework in Frameworks */,
			);
			runOnlyForDeploymentPostprocessing = 0;
		};
		2343B1AE24169A9B002EACCE /* Frameworks */ = {
			isa = PBXFrameworksBuildPhase;
			buildActionMask = 2147483647;
			files = (
				11E63C74D4B0A649782AC512 /* Pods_SwiftUIProjectTests.framework in Frameworks */,
			);
			runOnlyForDeploymentPostprocessing = 0;
		};
		2343B1B924169A9B002EACCE /* Frameworks */ = {
			isa = PBXFrameworksBuildPhase;
			buildActionMask = 2147483647;
			files = (
				5BBA29519AA10D368B50C532 /* Pods_SwiftUIProject_SwiftUIProjectUITests.framework in Frameworks */,
			);
			runOnlyForDeploymentPostprocessing = 0;
		};
/* End PBXFrameworksBuildPhase section */

/* Begin PBXGroup section */
		233D1CDF2417FCFB00146E0B /* SwiftViews */ = {
			isa = PBXGroup;
			children = (
				2343B1A724169A9B002EACCE /* Assets.xcassets */,
				233D1CC92417FC3600146E0B /* LaunchScreen.storyboard */,
				233D1CC82417FC0600146E0B /* Main.storyboard */,
				233D1CCB2417FC9800146E0B /* Calculator.storyboard */,
				23A58320241A90DD00139409 /* Pythag2.storyboard */,
				23523E02241BDC58003DDD4A /* Rectangle2.storyboard */,
				23A58324241A93A200139409 /* Cards.storyboard */,
			);
			path = SwiftViews;
			sourceTree = "<group>";
		};
		2343B19224169A96002EACCE = {
			isa = PBXGroup;
			children = (
				2343B19D24169A96002EACCE /* SwiftUIProject */,
				23A58326241A950B00139409 /* SwiftViewControllers */,
				233D1CDF2417FCFB00146E0B /* SwiftViews */,
				2343B1B424169A9B002EACCE /* SwiftUIProjectTests */,
				2343B1BF24169A9B002EACCE /* SwiftUIProjectUITests */,
				2343B19C24169A96002EACCE /* Products */,
				A8358913BAE00E80C930594F /* Pods */,
				AAECC7109B0BD78E5FB8508F /* Frameworks */,
			);
			sourceTree = "<group>";
		};
		2343B19C24169A96002EACCE /* Products */ = {
			isa = PBXGroup;
			children = (
				2343B19B24169A96002EACCE /* SwiftUIProject.app */,
				2343B1B124169A9B002EACCE /* SwiftUIProjectTests.xctest */,
				2343B1BC24169A9B002EACCE /* SwiftUIProjectUITests.xctest */,
			);
			name = Products;
			sourceTree = "<group>";
		};
		2343B19D24169A96002EACCE /* SwiftUIProject */ = {
			isa = PBXGroup;
			children = (
				2343B19E24169A96002EACCE /* AppDelegate.swift */,
				2343B1A024169A96002EACCE /* SceneDelegate.swift */,
				2343B1A224169A96002EACCE /* ViewController.swift */,
				2343B1AC24169A9B002EACCE /* Info.plist */,
			);
			path = SwiftUIProject;
			sourceTree = "<group>";
		};
		2343B1B424169A9B002EACCE /* SwiftUIProjectTests */ = {
			isa = PBXGroup;
			children = (
				2343B1B524169A9B002EACCE /* SwiftUIProjectTests.swift */,
				2343B1B724169A9B002EACCE /* Info.plist */,
			);
			path = SwiftUIProjectTests;
			sourceTree = "<group>";
		};
		2343B1BF24169A9B002EACCE /* SwiftUIProjectUITests */ = {
			isa = PBXGroup;
			children = (
				2343B1C024169A9B002EACCE /* SwiftUIProjectUITests.swift */,
				2343B1C224169A9B002EACCE /* Info.plist */,
			);
			path = SwiftUIProjectUITests;
			sourceTree = "<group>";
		};
		23A58326241A950B00139409 /* SwiftViewControllers */ = {
			isa = PBXGroup;
			children = (
				23A58329241A959B00139409 /* PythController.swift */,
				23A5832B241A978900139409 /* RectController.swift */,
			);
			path = SwiftViewControllers;
			sourceTree = "<group>";
		};
		A8358913BAE00E80C930594F /* Pods */ = {
			isa = PBXGroup;
			children = (
				170C2409D2B90BF2298FAE1B /* Pods-SwiftUIProject.debug.xcconfig */,
				42478A5C90FCE1F3AAD74C0F /* Pods-SwiftUIProject.release.xcconfig */,
				CF927D7812C3FF23D2DC34D9 /* Pods-SwiftUIProject-SwiftUIProjectUITests.debug.xcconfig */,
				19B4EC3B85E2DECAD9D4F40F /* Pods-SwiftUIProject-SwiftUIProjectUITests.release.xcconfig */,
				BBABAFCE7B4264989A323BFA /* Pods-SwiftUIProjectTests.debug.xcconfig */,
				6B012B3D9A564120F61CA095 /* Pods-SwiftUIProjectTests.release.xcconfig */,
			);
			path = Pods;
			sourceTree = "<group>";
		};
		AAECC7109B0BD78E5FB8508F /* Frameworks */ = {
			isa = PBXGroup;
			children = (
				843C80D576D53EC14E16FAC7 /* Pods_SwiftUIProject.framework */,
				FA77781DA5ED655DEABABAB4 /* Pods_SwiftUIProject_SwiftUIProjectUITests.framework */,
				F6BD24B7912020DA02E3D3C5 /* Pods_SwiftUIProjectTests.framework */,
			);
			name = Frameworks;
			sourceTree = "<group>";
		};
/* End PBXGroup section */

/* Begin PBXNativeTarget section */
		2343B19A24169A96002EACCE /* SwiftUIProject */ = {
			isa = PBXNativeTarget;
			buildConfigurationList = 2343B1C524169A9C002EACCE /* Build configuration list for PBXNativeTarget "SwiftUIProject" */;
			buildPhases = (
				C27962BD8263DA593B1B475C /* [CP] Check Pods Manifest.lock */,
				2343B19724169A96002EACCE /* Sources */,
				2343B19824169A96002EACCE /* Frameworks */,
				2343B19924169A96002EACCE /* Resources */,
				4B4F446A5571C8E222C89EC3 /* [CP] Embed Pods Frameworks */,
			);
			buildRules = (
			);
			dependencies = (
			);
			name = SwiftUIProject;
			productName = SwiftUIProject;
			productReference = 2343B19B24169A96002EACCE /* SwiftUIProject.app */;
			productType = "com.apple.product-type.application";
		};
		2343B1B024169A9B002EACCE /* SwiftUIProjectTests */ = {
			isa = PBXNativeTarget;
			buildConfigurationList = 2343B1C824169A9C002EACCE /* Build configuration list for PBXNativeTarget "SwiftUIProjectTests" */;
			buildPhases = (
				B066C635AEB06DFBF08E06B6 /* [CP] Check Pods Manifest.lock */,
				2343B1AD24169A9B002EACCE /* Sources */,
				2343B1AE24169A9B002EACCE /* Frameworks */,
				2343B1AF24169A9B002EACCE /* Resources */,
			);
			buildRules = (
			);
			dependencies = (
				2343B1B324169A9B002EACCE /* PBXTargetDependency */,
			);
			name = SwiftUIProjectTests;
			productName = SwiftUIProjectTests;
			productReference = 2343B1B124169A9B002EACCE /* SwiftUIProjectTests.xctest */;
			productType = "com.apple.product-type.bundle.unit-test";
		};
		2343B1BB24169A9B002EACCE /* SwiftUIProjectUITests */ = {
			isa = PBXNativeTarget;
			buildConfigurationList = 2343B1CB24169A9C002EACCE /* Build configuration list for PBXNativeTarget "SwiftUIProjectUITests" */;
			buildPhases = (
				665C7A72BAE30F70DABA8F4E /* [CP] Check Pods Manifest.lock */,
				2343B1B824169A9B002EACCE /* Sources */,
				2343B1B924169A9B002EACCE /* Frameworks */,
				2343B1BA24169A9B002EACCE /* Resources */,
				E88D63CEBAE7ECAD840BA64F /* [CP] Embed Pods Frameworks */,
			);
			buildRules = (
			);
			dependencies = (
				2343B1BE24169A9B002EACCE /* PBXTargetDependency */,
			);
			name = SwiftUIProjectUITests;
			productName = SwiftUIProjectUITests;
			productReference = 2343B1BC24169A9B002EACCE /* SwiftUIProjectUITests.xctest */;
			productType = "com.apple.product-type.bundle.ui-testing";
		};
/* End PBXNativeTarget section */

/* Begin PBXProject section */
		2343B19324169A96002EACCE /* Project object */ = {
			isa = PBXProject;
			attributes = {
				LastSwiftUpdateCheck = 1130;
				LastUpgradeCheck = 1130;
				ORGANIZATIONNAME = "Vij, Jagroop";
				TargetAttributes = {
					2343B19A24169A96002EACCE = {
						CreatedOnToolsVersion = 11.3.1;
					};
					2343B1B024169A9B002EACCE = {
						CreatedOnToolsVersion = 11.3.1;
						TestTargetID = 2343B19A24169A96002EACCE;
					};
					2343B1BB24169A9B002EACCE = {
						CreatedOnToolsVersion = 11.3.1;
						TestTargetID = 2343B19A24169A96002EACCE;
					};
				};
			};
			buildConfigurationList = 2343B19624169A96002EACCE /* Build configuration list for PBXProject "SwiftUIProject" */;
			compatibilityVersion = "Xcode 9.3";
			developmentRegion = en;
			hasScannedForEncodings = 0;
			knownRegions = (
				en,
				Base,
			);
			mainGroup = 2343B19224169A96002EACCE;
			productRefGroup = 2343B19C24169A96002EACCE /* Products */;
			projectDirPath = "";
			projectRoot = "";
			targets = (
				2343B19A24169A96002EACCE /* SwiftUIProject */,
				2343B1B024169A9B002EACCE /* SwiftUIProjectTests */,
				2343B1BB24169A9B002EACCE /* SwiftUIProjectUITests */,
			);
		};
/* End PBXProject section */

/* Begin PBXResourcesBuildPhase section */
		2343B19924169A96002EACCE /* Resources */ = {
			isa = PBXResourcesBuildPhase;
			buildActionMask = 2147483647;
			files = (
				23F678C624193E0100D3ED35 /* LaunchScreen.storyboard in Resources */,
				233D1CCC2417FC9800146E0B /* Calculator.storyboard in Resources */,
				23A58321241A90DD00139409 /* Pythag2.storyboard in Resources */,
				23523E03241BDC58003DDD4A /* Rectangle2.storyboard in Resources */,
				2343B1A824169A9B002EACCE /* Assets.xcassets in Resources */,
				23F678C924193E2500D3ED35 /* Main.storyboard in Resources */,
				23A58325241A93A200139409 /* Cards.storyboard in Resources */,
			);
			runOnlyForDeploymentPostprocessing = 0;
		};
		2343B1AF24169A9B002EACCE /* Resources */ = {
			isa = PBXResourcesBuildPhase;
			buildActionMask = 2147483647;
			files = (
				23F678C724193E0400D3ED35 /* LaunchScreen.storyboard in Resources */,
				23F678CA24193E2500D3ED35 /* Main.storyboard in Resources */,
			);
			runOnlyForDeploymentPostprocessing = 0;
		};
		2343B1BA24169A9B002EACCE /* Resources */ = {
			isa = PBXResourcesBuildPhase;
			buildActionMask = 2147483647;
			files = (
				23F678C824193E0400D3ED35 /* LaunchScreen.storyboard in Resources */,
				23F678CB24193E2600D3ED35 /* Main.storyboard in Resources */,
			);
			runOnlyForDeploymentPostprocessing = 0;
		};
/* End PBXResourcesBuildPhase section */

/* Begin PBXShellScriptBuildPhase section */
		4B4F446A5571C8E222C89EC3 /* [CP] Embed Pods Frameworks */ = {
			isa = PBXShellScriptBuildPhase;
			buildActionMask = 2147483647;
			files = (
			);
			inputFileListPaths = (
				"${PODS_ROOT}/Target Support Files/Pods-SwiftUIProject/Pods-SwiftUIProject-frameworks-${CONFIGURATION}-input-files.xcfilelist",
			);
			name = "[CP] Embed Pods Frameworks";
			outputFileListPaths = (
				"${PODS_ROOT}/Target Support Files/Pods-SwiftUIProject/Pods-SwiftUIProject-frameworks-${CONFIGURATION}-output-files.xcfilelist",
			);
			runOnlyForDeploymentPostprocessing = 0;
			shellPath = /bin/sh;
			shellScript = "\"${PODS_ROOT}/Target Support Files/Pods-SwiftUIProject/Pods-SwiftUIProject-frameworks.sh\"\n";
			showEnvVarsInLog = 0;
		};
		665C7A72BAE30F70DABA8F4E /* [CP] Check Pods Manifest.lock */ = {
			isa = PBXShellScriptBuildPhase;
			buildActionMask = 2147483647;
			files = (
			);
			inputFileListPaths = (
			);
			inputPaths = (
				"${PODS_PODFILE_DIR_PATH}/Podfile.lock",
				"${PODS_ROOT}/Manifest.lock",
			);
			name = "[CP] Check Pods Manifest.lock";
			outputFileListPaths = (
			);
			outputPaths = (
				"$(DERIVED_FILE_DIR)/Pods-SwiftUIProject-SwiftUIProjectUITests-checkManifestLockResult.txt",
			);
			runOnlyForDeploymentPostprocessing = 0;
			shellPath = /bin/sh;
			shellScript = "diff \"${PODS_PODFILE_DIR_PATH}/Podfile.lock\" \"${PODS_ROOT}/Manifest.lock\" > /dev/null\nif [ $? != 0 ] ; then\n    # print error to STDERR\n    echo \"error: The sandbox is not in sync with the Podfile.lock. Run 'pod install' or update your CocoaPods installation.\" >&2\n    exit 1\nfi\n# This output is used by Xcode 'outputs' to avoid re-running this script phase.\necho \"SUCCESS\" > \"${SCRIPT_OUTPUT_FILE_0}\"\n";
			showEnvVarsInLog = 0;
		};
		B066C635AEB06DFBF08E06B6 /* [CP] Check Pods Manifest.lock */ = {
			isa = PBXShellScriptBuildPhase;
			buildActionMask = 2147483647;
			files = (
			);
			inputFileListPaths = (
			);
			inputPaths = (
				"${PODS_PODFILE_DIR_PATH}/Podfile.lock",
				"${PODS_ROOT}/Manifest.lock",
			);
			name = "[CP] Check Pods Manifest.lock";
			outputFileListPaths = (
			);
			outputPaths = (
				"$(DERIVED_FILE_DIR)/Pods-SwiftUIProjectTests-checkManifestLockResult.txt",
			);
			runOnlyForDeploymentPostprocessing = 0;
			shellPath = /bin/sh;
			shellScript = "diff \"${PODS_PODFILE_DIR_PATH}/Podfile.lock\" \"${PODS_ROOT}/Manifest.lock\" > /dev/null\nif [ $? != 0 ] ; then\n    # print error to STDERR\n    echo \"error: The sandbox is not in sync with the Podfile.lock. Run 'pod install' or update your CocoaPods installation.\" >&2\n    exit 1\nfi\n# This output is used by Xcode 'outputs' to avoid re-running this script phase.\necho \"SUCCESS\" > \"${SCRIPT_OUTPUT_FILE_0}\"\n";
			showEnvVarsInLog = 0;
		};
		C27962BD8263DA593B1B475C /* [CP] Check Pods Manifest.lock */ = {
			isa = PBXShellScriptBuildPhase;
			buildActionMask = 2147483647;
			files = (
			);
			inputFileListPaths = (
			);
			inputPaths = (
				"${PODS_PODFILE_DIR_PATH}/Podfile.lock",
				"${PODS_ROOT}/Manifest.lock",
			);
			name = "[CP] Check Pods Manifest.lock";
			outputFileListPaths = (
			);
			outputPaths = (
				"$(DERIVED_FILE_DIR)/Pods-SwiftUIProject-checkManifestLockResult.txt",
			);
			runOnlyForDeploymentPostprocessing = 0;
			shellPath = /bin/sh;
			shellScript = "diff \"${PODS_PODFILE_DIR_PATH}/Podfile.lock\" \"${PODS_ROOT}/Manifest.lock\" > /dev/null\nif [ $? != 0 ] ; then\n    # print error to STDERR\n    echo \"error: The sandbox is not in sync with the Podfile.lock. Run 'pod install' or update your CocoaPods installation.\" >&2\n    exit 1\nfi\n# This output is used by Xcode 'outputs' to avoid re-running this script phase.\necho \"SUCCESS\" > \"${SCRIPT_OUTPUT_FILE_0}\"\n";
			showEnvVarsInLog = 0;
		};
		E88D63CEBAE7ECAD840BA64F /* [CP] Embed Pods Frameworks */ = {
			isa = PBXShellScriptBuildPhase;
			buildActionMask = 2147483647;
			files = (
			);
			inputFileListPaths = (
				"${PODS_ROOT}/Target Support Files/Pods-SwiftUIProject-SwiftUIProjectUITests/Pods-SwiftUIProject-SwiftUIProjectUITests-frameworks-${CONFIGURATION}-input-files.xcfilelist",
			);
			name = "[CP] Embed Pods Frameworks";
			outputFileListPaths = (
				"${PODS_ROOT}/Target Support Files/Pods-SwiftUIProject-SwiftUIProjectUITests/Pods-SwiftUIProject-SwiftUIProjectUITests-frameworks-${CONFIGURATION}-output-files.xcfilelist",
			);
			runOnlyForDeploymentPostprocessing = 0;
			shellPath = /bin/sh;
			shellScript = "\"${PODS_ROOT}/Target Support Files/Pods-SwiftUIProject-SwiftUIProjectUITests/Pods-SwiftUIProject-SwiftUIProjectUITests-frameworks.sh\"\n";
			showEnvVarsInLog = 0;
		};
/* End PBXShellScriptBuildPhase section */

/* Begin PBXSourcesBuildPhase section */
		2343B19724169A96002EACCE /* Sources */ = {
			isa = PBXSourcesBuildPhase;
			buildActionMask = 2147483647;
			files = (
				23A5832C241A978900139409 /* RectController.swift in Sources */,
				2343B1A324169A96002EACCE /* ViewController.swift in Sources */,
				2343B19F24169A96002EACCE /* AppDelegate.swift in Sources */,
				2343B1A124169A96002EACCE /* SceneDelegate.swift in Sources */,
				23A5832A241A959B00139409 /* PythController.swift in Sources */,
			);
			runOnlyForDeploymentPostprocessing = 0;
		};
		2343B1AD24169A9B002EACCE /* Sources */ = {
			isa = PBXSourcesBuildPhase;
			buildActionMask = 2147483647;
			files = (
				2343B1B624169A9B002EACCE /* SwiftUIProjectTests.swift in Sources */,
			);
			runOnlyForDeploymentPostprocessing = 0;
		};
		2343B1B824169A9B002EACCE /* Sources */ = {
			isa = PBXSourcesBuildPhase;
			buildActionMask = 2147483647;
			files = (
				2343B1C124169A9B002EACCE /* SwiftUIProjectUITests.swift in Sources */,
			);
			runOnlyForDeploymentPostprocessing = 0;
		};
/* End PBXSourcesBuildPhase section */

/* Begin PBXTargetDependency section */
		2343B1B324169A9B002EACCE /* PBXTargetDependency */ = {
			isa = PBXTargetDependency;
			target = 2343B19A24169A96002EACCE /* SwiftUIProject */;
			targetProxy = 2343B1B224169A9B002EACCE /* PBXContainerItemProxy */;
		};
		2343B1BE24169A9B002EACCE /* PBXTargetDependency */ = {
			isa = PBXTargetDependency;
			target = 2343B19A24169A96002EACCE /* SwiftUIProject */;
			targetProxy = 2343B1BD24169A9B002EACCE /* PBXContainerItemProxy */;
		};
/* End PBXTargetDependency section */

/* Begin XCBuildConfiguration section */
		2343B1C324169A9C002EACCE /* Debug */ = {
			isa = XCBuildConfiguration;
			buildSettings = {
				ALWAYS_SEARCH_USER_PATHS = NO;
				CLANG_ANALYZER_NONNULL = YES;
				CLANG_ANALYZER_NUMBER_OBJECT_CONVERSION = YES_AGGRESSIVE;
				CLANG_CXX_LANGUAGE_STANDARD = "gnu++14";
				CLANG_CXX_LIBRARY = "libc++";
				CLANG_ENABLE_MODULES = YES;
				CLANG_ENABLE_OBJC_ARC = YES;
				CLANG_ENABLE_OBJC_WEAK = YES;
				CLANG_WARN_BLOCK_CAPTURE_AUTORELEASING = YES;
				CLANG_WARN_BOOL_CONVERSION = YES;
				CLANG_WARN_COMMA = YES;
				CLANG_WARN_CONSTANT_CONVERSION = YES;
				CLANG_WARN_DEPRECATED_OBJC_IMPLEMENTATIONS = YES;
				CLANG_WARN_DIRECT_OBJC_ISA_USAGE = YES_ERROR;
				CLANG_WARN_DOCUMENTATION_COMMENTS = YES;
				CLANG_WARN_EMPTY_BODY = YES;
				CLANG_WARN_ENUM_CONVERSION = YES;
				CLANG_WARN_INFINITE_RECURSION = YES;
				CLANG_WARN_INT_CONVERSION = YES;
				CLANG_WARN_NON_LITERAL_NULL_CONVERSION = YES;
				CLANG_WARN_OBJC_IMPLICIT_RETAIN_SELF = YES;
				CLANG_WARN_OBJC_LITERAL_CONVERSION = YES;
				CLANG_WARN_OBJC_ROOT_CLASS = YES_ERROR;
				CLANG_WARN_RANGE_LOOP_ANALYSIS = YES;
				CLANG_WARN_STRICT_PROTOTYPES = YES;
				CLANG_WARN_SUSPICIOUS_MOVE = YES;
				CLANG_WARN_UNGUARDED_AVAILABILITY = YES_AGGRESSIVE;
				CLANG_WARN_UNREACHABLE_CODE = YES;
				CLANG_WARN__DUPLICATE_METHOD_MATCH = YES;
				COPY_PHASE_STRIP = NO;
				DEBUG_INFORMATION_FORMAT = dwarf;
				ENABLE_STRICT_OBJC_MSGSEND = YES;
				ENABLE_TESTABILITY = YES;
				GCC_C_LANGUAGE_STANDARD = gnu11;
				GCC_DYNAMIC_NO_PIC = NO;
				GCC_NO_COMMON_BLOCKS = YES;
				GCC_OPTIMIZATION_LEVEL = 0;
				GCC_PREPROCESSOR_DEFINITIONS = (
					"DEBUG=1",
					"$(inherited)",
				);
				GCC_WARN_64_TO_32_BIT_CONVERSION = YES;
				GCC_WARN_ABOUT_RETURN_TYPE = YES_ERROR;
				GCC_WARN_UNDECLARED_SELECTOR = YES;
				GCC_WARN_UNINITIALIZED_AUTOS = YES_AGGRESSIVE;
				GCC_WARN_UNUSED_FUNCTION = YES;
				GCC_WARN_UNUSED_VARIABLE = YES;
				IPHONEOS_DEPLOYMENT_TARGET = 13.2;
				MTL_ENABLE_DEBUG_INFO = INCLUDE_SOURCE;
				MTL_FAST_MATH = YES;
				ONLY_ACTIVE_ARCH = YES;
				SDKROOT = iphoneos;
				SWIFT_ACTIVE_COMPILATION_CONDITIONS = DEBUG;
				SWIFT_OPTIMIZATION_LEVEL = "-Onone";
			};
			name = Debug;
		};
		2343B1C424169A9C002EACCE /* Release */ = {
			isa = XCBuildConfiguration;
			buildSettings = {
				ALWAYS_SEARCH_USER_PATHS = NO;
				CLANG_ANALYZER_NONNULL = YES;
				CLANG_ANALYZER_NUMBER_OBJECT_CONVERSION = YES_AGGRESSIVE;
				CLANG_CXX_LANGUAGE_STANDARD = "gnu++14";
				CLANG_CXX_LIBRARY = "libc++";
				CLANG_ENABLE_MODULES = YES;
				CLANG_ENABLE_OBJC_ARC = YES;
				CLANG_ENABLE_OBJC_WEAK = YES;
				CLANG_WARN_BLOCK_CAPTURE_AUTORELEASING = YES;
				CLANG_WARN_BOOL_CONVERSION = YES;
				CLANG_WARN_COMMA = YES;
				CLANG_WARN_CONSTANT_CONVERSION = YES;
				CLANG_WARN_DEPRECATED_OBJC_IMPLEMENTATIONS = YES;
				CLANG_WARN_DIRECT_OBJC_ISA_USAGE = YES_ERROR;
				CLANG_WARN_DOCUMENTATION_COMMENTS = YES;
				CLANG_WARN_EMPTY_BODY = YES;
				CLANG_WARN_ENUM_CONVERSION = YES;
				CLANG_WARN_INFINITE_RECURSION = YES;
				CLANG_WARN_INT_CONVERSION = YES;
				CLANG_WARN_NON_LITERAL_NULL_CONVERSION = YES;
				CLANG_WARN_OBJC_IMPLICIT_RETAIN_SELF = YES;
				CLANG_WARN_OBJC_LITERAL_CONVERSION = YES;
				CLANG_WARN_OBJC_ROOT_CLASS = YES_ERROR;
				CLANG_WARN_RANGE_LOOP_ANALYSIS = YES;
				CLANG_WARN_STRICT_PROTOTYPES = YES;
				CLANG_WARN_SUSPICIOUS_MOVE = YES;
				CLANG_WARN_UNGUARDED_AVAILABILITY = YES_AGGRESSIVE;
				CLANG_WARN_UNREACHABLE_CODE = YES;
				CLANG_WARN__DUPLICATE_METHOD_MATCH = YES;
				COPY_PHASE_STRIP = NO;
				DEBUG_INFORMATION_FORMAT = "dwarf-with-dsym";
				ENABLE_NS_ASSERTIONS = NO;
				ENABLE_STRICT_OBJC_MSGSEND = YES;
				GCC_C_LANGUAGE_STANDARD = gnu11;
				GCC_NO_COMMON_BLOCKS = YES;
				GCC_WARN_64_TO_32_BIT_CONVERSION = YES;
				GCC_WARN_ABOUT_RETURN_TYPE = YES_ERROR;
				GCC_WARN_UNDECLARED_SELECTOR = YES;
				GCC_WARN_UNINITIALIZED_AUTOS = YES_AGGRESSIVE;
				GCC_WARN_UNUSED_FUNCTION = YES;
				GCC_WARN_UNUSED_VARIABLE = YES;
				IPHONEOS_DEPLOYMENT_TARGET = 13.2;
				MTL_ENABLE_DEBUG_INFO = NO;
				MTL_FAST_MATH = YES;
				SDKROOT = iphoneos;
				SWIFT_COMPILATION_MODE = wholemodule;
				SWIFT_OPTIMIZATION_LEVEL = "-O";
				VALIDATE_PRODUCT = YES;
			};
			name = Release;
		};
		2343B1C624169A9C002EACCE /* Debug */ = {
			isa = XCBuildConfiguration;
			baseConfigurationReference = 170C2409D2B90BF2298FAE1B /* Pods-SwiftUIProject.debug.xcconfig */;
			buildSettings = {
				ASSETCATALOG_COMPILER_APPICON_NAME = AppIcon;
				CODE_SIGN_STYLE = Automatic;
				DEVELOPMENT_TEAM = 7262X84F6C;
				INFOPLIST_FILE = SwiftUIProject/Info.plist;
				LD_RUNPATH_SEARCH_PATHS = (
					"$(inherited)",
					"@executable_path/Frameworks",
				);
				PRODUCT_BUNDLE_IDENTIFIER = JSinghSD.SwiftUIProject;
				PRODUCT_NAME = "$(TARGET_NAME)";
				SWIFT_VERSION = 5.0;
				TARGETED_DEVICE_FAMILY = "1,2";
			};
			name = Debug;
		};
		2343B1C724169A9C002EACCE /* Release */ = {
			isa = XCBuildConfiguration;
			baseConfigurationReference = 42478A5C90FCE1F3AAD74C0F /* Pods-SwiftUIProject.release.xcconfig */;
			buildSettings = {
				ASSETCATALOG_COMPILER_APPICON_NAME = AppIcon;
				CODE_SIGN_STYLE = Automatic;
				DEVELOPMENT_TEAM = 7262X84F6C;
				INFOPLIST_FILE = SwiftUIProject/Info.plist;
				LD_RUNPATH_SEARCH_PATHS = (
					"$(inherited)",
					"@executable_path/Frameworks",
				);
				PRODUCT_BUNDLE_IDENTIFIER = JSinghSD.SwiftUIProject;
				PRODUCT_NAME = "$(TARGET_NAME)";
				SWIFT_VERSION = 5.0;
				TARGETED_DEVICE_FAMILY = "1,2";
			};
			name = Release;
		};
		2343B1C924169A9C002EACCE /* Debug */ = {
			isa = XCBuildConfiguration;
			baseConfigurationReference = BBABAFCE7B4264989A323BFA /* Pods-SwiftUIProjectTests.debug.xcconfig */;
			buildSettings = {
				ALWAYS_EMBED_SWIFT_STANDARD_LIBRARIES = YES;
				BUNDLE_LOADER = "$(TEST_HOST)";
				CODE_SIGN_STYLE = Automatic;
				DEVELOPMENT_TEAM = 7262X84F6C;
				INFOPLIST_FILE = SwiftUIProjectTests/Info.plist;
				IPHONEOS_DEPLOYMENT_TARGET = 13.2;
				LD_RUNPATH_SEARCH_PATHS = (
					"$(inherited)",
					"@executable_path/Frameworks",
					"@loader_path/Frameworks",
				);
				PRODUCT_BUNDLE_IDENTIFIER = JSinghSD.SwiftUIProjectTests;
				PRODUCT_NAME = "$(TARGET_NAME)";
				SWIFT_VERSION = 5.0;
				TARGETED_DEVICE_FAMILY = "1,2";
				TEST_HOST = "$(BUILT_PRODUCTS_DIR)/SwiftUIProject.app/SwiftUIProject";
			};
			name = Debug;
		};
		2343B1CA24169A9C002EACCE /* Release */ = {
			isa = XCBuildConfiguration;
			baseConfigurationReference = 6B012B3D9A564120F61CA095 /* Pods-SwiftUIProjectTests.release.xcconfig */;
			buildSettings = {
				ALWAYS_EMBED_SWIFT_STANDARD_LIBRARIES = YES;
				BUNDLE_LOADER = "$(TEST_HOST)";
				CODE_SIGN_STYLE = Automatic;
				DEVELOPMENT_TEAM = 7262X84F6C;
				INFOPLIST_FILE = SwiftUIProjectTests/Info.plist;
				IPHONEOS_DEPLOYMENT_TARGET = 13.2;
				LD_RUNPATH_SEARCH_PATHS = (
					"$(inherited)",
					"@executable_path/Frameworks",
					"@loader_path/Frameworks",
				);
				PRODUCT_BUNDLE_IDENTIFIER = JSinghSD.SwiftUIProjectTests;
				PRODUCT_NAME = "$(TARGET_NAME)";
				SWIFT_VERSION = 5.0;
				TARGETED_DEVICE_FAMILY = "1,2";
				TEST_HOST = "$(BUILT_PRODUCTS_DIR)/SwiftUIProject.app/SwiftUIProject";
			};
			name = Release;
		};
		2343B1CC24169A9C002EACCE /* Debug */ = {
			isa = XCBuildConfiguration;
			baseConfigurationReference = CF927D7812C3FF23D2DC34D9 /* Pods-SwiftUIProject-SwiftUIProjectUITests.debug.xcconfig */;
			buildSettings = {
				ALWAYS_EMBED_SWIFT_STANDARD_LIBRARIES = YES;
				CODE_SIGN_STYLE = Automatic;
				DEVELOPMENT_TEAM = 7262X84F6C;
				INFOPLIST_FILE = SwiftUIProjectUITests/Info.plist;
				LD_RUNPATH_SEARCH_PATHS = (
					"$(inherited)",
					"@executable_path/Frameworks",
					"@loader_path/Frameworks",
				);
				PRODUCT_BUNDLE_IDENTIFIER = JSinghSD.SwiftUIProjectUITests;
				PRODUCT_NAME = "$(TARGET_NAME)";
				SWIFT_VERSION = 5.0;
				TARGETED_DEVICE_FAMILY = "1,2";
				TEST_TARGET_NAME = SwiftUIProject;
			};
			name = Debug;
		};
		2343B1CD24169A9C002EACCE /* Release */ = {
			isa = XCBuildConfiguration;
			baseConfigurationReference = 19B4EC3B85E2DECAD9D4F40F /* Pods-SwiftUIProject-SwiftUIProjectUITests.release.xcconfig */;
			buildSettings = {
				ALWAYS_EMBED_SWIFT_STANDARD_LIBRARIES = YES;
				CODE_SIGN_STYLE = Automatic;
				DEVELOPMENT_TEAM = 7262X84F6C;
				INFOPLIST_FILE = SwiftUIProjectUITests/Info.plist;
				LD_RUNPATH_SEARCH_PATHS = (
					"$(inherited)",
					"@executable_path/Frameworks",
					"@loader_path/Frameworks",
				);
				PRODUCT_BUNDLE_IDENTIFIER = JSinghSD.SwiftUIProjectUITests;
				PRODUCT_NAME = "$(TARGET_NAME)";
				SWIFT_VERSION = 5.0;
				TARGETED_DEVICE_FAMILY = "1,2";
				TEST_TARGET_NAME = SwiftUIProject;
			};
			name = Release;
		};
/* End XCBuildConfiguration section */

/* Begin XCConfigurationList section */
		2343B19624169A96002EACCE /* Build configuration list for PBXProject "SwiftUIProject" */ = {
			isa = XCConfigurationList;
			buildConfigurations = (
				2343B1C324169A9C002EACCE /* Debug */,
				2343B1C424169A9C002EACCE /* Release */,
			);
			defaultConfigurationIsVisible = 0;
			defaultConfigurationName = Release;
		};
		2343B1C524169A9C002EACCE /* Build configuration list for PBXNativeTarget "SwiftUIProject" */ = {
			isa = XCConfigurationList;
			buildConfigurations = (
				2343B1C624169A9C002EACCE /* Debug */,
				2343B1C724169A9C002EACCE /* Release */,
			);
			defaultConfigurationIsVisible = 0;
			defaultConfigurationName = Release;
		};
		2343B1C824169A9C002EACCE /* Build configuration list for PBXNativeTarget "SwiftUIProjectTests" */ = {
			isa = XCConfigurationList;
			buildConfigurations = (
				2343B1C924169A9C002EACCE /* Debug */,
				2343B1CA24169A9C002EACCE /* Release */,
			);
			defaultConfigurationIsVisible = 0;
			defaultConfigurationName = Release;
		};
		2343B1CB24169A9C002EACCE /* Build configuration list for PBXNativeTarget "SwiftUIProjectUITests" */ = {
			isa = XCConfigurationList;
			buildConfigurations = (
				2343B1CC24169A9C002EACCE /* Debug */,
				2343B1CD24169A9C002EACCE /* Release */,
			);
			defaultConfigurationIsVisible = 0;
			defaultConfigurationName = Release;
		};
/* End XCConfigurationList section */
	};
	rootObject = 2343B19324169A96002EACCE /* Project object */;
}
